
Microsoft Visual Studio Solution File, Format Version 12.00
# Visual Studio Version 16
VisualStudioVersion = 16.0.29806.167
MinimumVisualStudioVersion = 10.0.40219.1
Project("{2150E333-8FDC-42A3-9474-1A3956D46DE8}") = "Solution Items", "Solution Items", "{796CFF02-C229-447D-9920-D93F635B13E1}"
	ProjectSection(SolutionItems) = preProject
		.editorconfig = .editorconfig
	EndProjectSection
EndProject
Project("{930C7802-8A8C-48F9-8165-68863BCCD9DD}") = "Setup", "Setup\Setup.wixproj", "{A528B57B-6AE1-49B9-B725-4BA1BA264D71}"
EndProject
Project("{9A19103F-16F7-4668-BE54-9A1E7A4F7556}") = "VoxelGame.Client", "src\client\VoxelGame.Client.csproj", "{3BD64392-3092-432F-9922-4B130465C92E}"
EndProject
Project("{9A19103F-16F7-4668-BE54-9A1E7A4F7556}") = "VoxelGame.Core", "src\core\VoxelGame.Core.csproj", "{7F71C4F5-2880-4A50-985F-B4B3F4889F21}"
EndProject
Project("{9A19103F-16F7-4668-BE54-9A1E7A4F7556}") = "VoxelGame.UI", "src\ui\VoxelGame.UI.csproj", "{9E30F44C-0376-4B55-988B-5C9FC6A9D26B}"
EndProject
Project("{9A19103F-16F7-4668-BE54-9A1E7A4F7556}") = "VoxelGame.Logging", "src\logging\VoxelGame.Logging.csproj", "{0ED92A17-10ED-4BBD-AEFC-BBFB33478195}"
EndProject
Project("{9A19103F-16F7-4668-BE54-9A1E7A4F7556}") = "VoxelGame.Graphics", "src\graphics\VoxelGame.Graphics.csproj", "{5179D32D-B43C-4E51-9319-1BF238103887}"
EndProject
Project("{9A19103F-16F7-4668-BE54-9A1E7A4F7556}") = "VoxelGame.Input", "src\input\VoxelGame.Input.csproj", "{F1E0587B-1D5E-4AC2-849A-B2611CADA9D4}"
EndProject
Global
	GlobalSection(SolutionConfigurationPlatforms) = preSolution
		Debug|Any CPU = Debug|Any CPU
		Debug|x64 = Debug|x64
		Release|Any CPU = Release|Any CPU
		Release|x64 = Release|x64
	EndGlobalSection
	GlobalSection(ProjectConfigurationPlatforms) = postSolution
		{A528B57B-6AE1-49B9-B725-4BA1BA264D71}.Debug|Any CPU.ActiveCfg = Debug|x86
		{A528B57B-6AE1-49B9-B725-4BA1BA264D71}.Debug|x64.ActiveCfg = Debug|x86
		{A528B57B-6AE1-49B9-B725-4BA1BA264D71}.Release|Any CPU.ActiveCfg = Release|x86
		{A528B57B-6AE1-49B9-B725-4BA1BA264D71}.Release|x64.ActiveCfg = Release|x86
		{3BD64392-3092-432F-9922-4B130465C92E}.Debug|Any CPU.ActiveCfg = Debug|x64
		{3BD64392-3092-432F-9922-4B130465C92E}.Debug|x64.ActiveCfg = Debug|x64
		{3BD64392-3092-432F-9922-4B130465C92E}.Debug|x64.Build.0 = Debug|x64
		{3BD64392-3092-432F-9922-4B130465C92E}.Release|Any CPU.ActiveCfg = Release|x64
		{3BD64392-3092-432F-9922-4B130465C92E}.Release|x64.ActiveCfg = Release|x64
		{3BD64392-3092-432F-9922-4B130465C92E}.Release|x64.Build.0 = Release|x64
		{7F71C4F5-2880-4A50-985F-B4B3F4889F21}.Debug|Any CPU.ActiveCfg = Debug|x64
		{7F71C4F5-2880-4A50-985F-B4B3F4889F21}.Debug|x64.ActiveCfg = Debug|x64
		{7F71C4F5-2880-4A50-985F-B4B3F4889F21}.Debug|x64.Build.0 = Debug|x64
		{7F71C4F5-2880-4A50-985F-B4B3F4889F21}.Release|Any CPU.ActiveCfg = Release|x64
		{7F71C4F5-2880-4A50-985F-B4B3F4889F21}.Release|x64.ActiveCfg = Release|x64
		{7F71C4F5-2880-4A50-985F-B4B3F4889F21}.Release|x64.Build.0 = Release|x64
		{9E30F44C-0376-4B55-988B-5C9FC6A9D26B}.Debug|Any CPU.ActiveCfg = Debug|x64
		{9E30F44C-0376-4B55-988B-5C9FC6A9D26B}.Debug|x64.ActiveCfg = Debug|x64
		{9E30F44C-0376-4B55-988B-5C9FC6A9D26B}.Debug|x64.Build.0 = Debug|x64
		{9E30F44C-0376-4B55-988B-5C9FC6A9D26B}.Release|Any CPU.ActiveCfg = Release|x64
		{9E30F44C-0376-4B55-988B-5C9FC6A9D26B}.Release|x64.ActiveCfg = Release|x64
		{9E30F44C-0376-4B55-988B-5C9FC6A9D26B}.Release|x64.Build.0 = Release|x64
		{0ED92A17-10ED-4BBD-AEFC-BBFB33478195}.Debug|Any CPU.ActiveCfg = Debug|x64
		{0ED92A17-10ED-4BBD-AEFC-BBFB33478195}.Debug|x64.ActiveCfg = Debug|x64
		{0ED92A17-10ED-4BBD-AEFC-BBFB33478195}.Debug|x64.Build.0 = Debug|x64
		{0ED92A17-10ED-4BBD-AEFC-BBFB33478195}.Release|Any CPU.ActiveCfg = Release|x64
		{0ED92A17-10ED-4BBD-AEFC-BBFB33478195}.Release|x64.ActiveCfg = Release|x64
		{0ED92A17-10ED-4BBD-AEFC-BBFB33478195}.Release|x64.Build.0 = Release|x64
		{5179D32D-B43C-4E51-9319-1BF238103887}.Debug|Any CPU.ActiveCfg = Debug|x64
		{5179D32D-B43C-4E51-9319-1BF238103887}.Debug|x64.ActiveCfg = Debug|x64
		{5179D32D-B43C-4E51-9319-1BF238103887}.Debug|x64.Build.0 = Debug|x64
		{5179D32D-B43C-4E51-9319-1BF238103887}.Release|Any CPU.ActiveCfg = Release|x64
		{5179D32D-B43C-4E51-9319-1BF238103887}.Release|x64.ActiveCfg = Release|x64
		{5179D32D-B43C-4E51-9319-1BF238103887}.Release|x64.Build.0 = Release|x64
		{F1E0587B-1D5E-4AC2-849A-B2611CADA9D4}.Debug|Any CPU.ActiveCfg = Debug|x64
		{F1E0587B-1D5E-4AC2-849A-B2611CADA9D4}.Debug|x64.ActiveCfg = Debug|x64
		{F1E0587B-1D5E-4AC2-849A-B2611CADA9D4}.Debug|x64.Build.0 = Debug|x64
		{F1E0587B-1D5E-4AC2-849A-B2611CADA9D4}.Release|Any CPU.ActiveCfg = Release|x64
		{F1E0587B-1D5E-4AC2-849A-B2611CADA9D4}.Release|x64.ActiveCfg = Release|x64
		{F1E0587B-1D5E-4AC2-849A-B2611CADA9D4}.Release|x64.Build.0 = Release|x64
	EndGlobalSection
	GlobalSection(SolutionProperties) = preSolution
		HideSolutionNode = FALSE
	EndGlobalSection
	GlobalSection(ExtensibilityGlobals) = postSolution
		SolutionGuid = {6B67C294-F85D-41ED-A551-1D3F58D80F37}
	EndGlobalSection
EndGlobal
